
Microsoft Visual Studio Solution File, Format Version 12.00
# Visual Studio Version 16
VisualStudioVersion = 16.0.29306.81
MinimumVisualStudioVersion = 10.0.40219.1
Project("{FAE04EC0-301F-11D3-BF4B-00C04F79EFBC}") = "Reporting", "Reporting\Reporting.csproj", "{13CBD0A3-49AD-4BB1-A844-D291A2516287}"
EndProject
Project("{9A19103F-16F7-4668-BE54-9A1E7A4F7556}") = "ReportingClient", "ReportingClient\ReportingClient.csproj", "{CF0982D0-4465-4C33-A174-B9B171E40E23}"
EndProject
Global
	GlobalSection(SolutionConfigurationPlatforms) = preSolution
		Debug|Any CPU = Debug|Any CPU
		Release|Any CPU = Release|Any CPU
	EndGlobalSection
	GlobalSection(ProjectConfigurationPlatforms) = postSolution
		{13CBD0A3-49AD-4BB1-A844-D291A2516287}.Debug|Any CPU.ActiveCfg = Debug|Any CPU
		{13CBD0A3-49AD-4BB1-A844-D291A2516287}.Debug|Any CPU.Build.0 = Debug|Any CPU
		{13CBD0A3-49AD-4BB1-A844-D291A2516287}.Release|Any CPU.ActiveCfg = Release|Any CPU
		{13CBD0A3-49AD-4BB1-A844-D291A2516287}.Release|Any CPU.Build.0 = Release|Any CPU
		{CF0982D0-4465-4C33-A174-B9B171E40E23}.Debug|Any CPU.ActiveCfg = Debug|Any CPU
		{CF0982D0-4465-4C33-A174-B9B171E40E23}.Debug|Any CPU.Build.0 = Debug|Any CPU
		{CF0982D0-4465-4C33-A174-B9B171E40E23}.Release|Any CPU.ActiveCfg = Release|Any CPU
		{CF0982D0-4465-4C33-A174-B9B171E40E23}.Release|Any CPU.Build.0 = Release|Any CPU
	EndGlobalSection
	GlobalSection(SolutionProperties) = preSolution
		HideSolutionNode = FALSE
	EndGlobalSection
	GlobalSection(ExtensibilityGlobals) = postSolution
		SolutionGuid = {60FB7582-BA9E-49D4-8A39-FC7D43B867CE}
	EndGlobalSection
EndGlobal
